
Microsoft Visual Studio Solution File, Format Version 12.00
# Visual Studio 14
VisualStudioVersion = 14.0.25420.1
MinimumVisualStudioVersion = 10.0.40219.1
Project("{FAE04EC0-301F-11D3-BF4B-00C04F79EFBC}") = "GameDevWare.Charon.Unity", "src\GameDevWare.Charon.Unity\GameDevWare.Charon.Unity.csproj", "{1C3C0445-A778-EA2D-A4A8-47620BF099A5}"
EndProject
Global
	GlobalSection(SolutionConfigurationPlatforms) = preSolution
		Debug|Any CPU = Debug|Any CPU
		Release|Any CPU = Release|Any CPU
	EndGlobalSection
	GlobalSection(ProjectConfigurationPlatforms) = postSolution
		{1C3C0445-A778-EA2D-A4A8-47620BF099A5}.Debug|Any CPU.ActiveCfg = Debug|Any CPU
		{1C3C0445-A778-EA2D-A4A8-47620BF099A5}.Debug|Any CPU.Build.0 = Debug|Any CPU
		{1C3C0445-A778-EA2D-A4A8-47620BF099A5}.Release|Any CPU.ActiveCfg = Release|Any CPU
		{1C3C0445-A778-EA2D-A4A8-47620BF099A5}.Release|Any CPU.Build.0 = Release|Any CPU
	EndGlobalSection
	GlobalSection(SolutionProperties) = preSolution
		HideSolutionNode = FALSE
	EndGlobalSection
EndGlobal
